// !$*UTF8*$!
{
	archiveVersion = 1;
	classes = {
	};
	objectVersion = 55;
	objects = {

/* Begin PBXBuildFile section */
		5895335529D09D3400C679D4 /* abcText2SpeechApp.swift in Sources */ = {isa = PBXBuildFile; fileRef = 5895335429D09D3400C679D4 /* abcText2SpeechApp.swift */; };
		5895335729D09D3400C679D4 /* ContentView.swift in Sources */ = {isa = PBXBuildFile; fileRef = 5895335629D09D3400C679D4 /* ContentView.swift */; };
		5895335929D09D3500C679D4 /* Assets.xcassets in Resources */ = {isa = PBXBuildFile; fileRef = 5895335829D09D3500C679D4 /* Assets.xcassets */; };
		5895335C29D09D3600C679D4 /* Preview Assets.xcassets in Resources */ = {isa = PBXBuildFile; fileRef = 5895335B29D09D3600C679D4 /* Preview Assets.xcassets */; };
		589B35442ADA5C8E00E83BA3 /* LoginView.swift in Sources */ = {isa = PBXBuildFile; fileRef = 589B35432ADA5C8E00E83BA3 /* LoginView.swift */; };
		589DA3BC29D20FE100B1E1D5 /* abcTextViewModel.swift in Sources */ = {isa = PBXBuildFile; fileRef = 589DA3BB29D20FE100B1E1D5 /* abcTextViewModel.swift */; };
		589DA3C029D214E900B1E1D5 /* abcTextModel.swift in Sources */ = {isa = PBXBuildFile; fileRef = 589DA3BF29D214E900B1E1D5 /* abcTextModel.swift */; };
		CE148C9C2B39108000538578 /* ActionButton in Frameworks */ = {isa = PBXBuildFile; productRef = CE148C9B2B39108000538578 /* ActionButton */; };
		CE6555E52B49E128009B4C61 /* LoginViewModel.swift in Sources */ = {isa = PBXBuildFile; fileRef = CE6555E42B49E128009B4C61 /* LoginViewModel.swift */; };
		CE7A22B22B48C4B900B52DE6 /* DataController.swift in Sources */ = {isa = PBXBuildFile; fileRef = CE7A22B12B48C4B900B52DE6 /* DataController.swift */; };
		CE832EFF2B50AB7900ACBF7F /* Model.xcdatamodeld in Sources */ = {isa = PBXBuildFile; fileRef = CE832EFD2B50AB7900ACBF7F /* Model.xcdatamodeld */; };
		CEC929D12B3F5ADA00BFC998 /* SignUpView.swift in Sources */ = {isa = PBXBuildFile; fileRef = CEC929D02B3F5ADA00BFC998 /* SignUpView.swift */; };
/* End PBXBuildFile section */

/* Begin PBXCopyFilesBuildPhase section */
		5895337129D09D5F00C679D4 /* Embed App Extensions */ = {
			isa = PBXCopyFilesBuildPhase;
			buildActionMask = 2147483647;
			dstPath = "";
			dstSubfolderSpec = 13;
			files = (
			);
			name = "Embed App Extensions";
			runOnlyForDeploymentPostprocessing = 0;
		};
/* End PBXCopyFilesBuildPhase section */

/* Begin PBXFileReference section */
		5895335129D09D3400C679D4 /* abcText2Speech.app */ = {isa = PBXFileReference; explicitFileType = wrapper.application; includeInIndex = 0; path = abcText2Speech.app; sourceTree = BUILT_PRODUCTS_DIR; };
		5895335429D09D3400C679D4 /* abcText2SpeechApp.swift */ = {isa = PBXFileReference; lastKnownFileType = sourcecode.swift; path = abcText2SpeechApp.swift; sourceTree = "<group>"; };
		5895335629D09D3400C679D4 /* ContentView.swift */ = {isa = PBXFileReference; lastKnownFileType = sourcecode.swift; path = ContentView.swift; sourceTree = "<group>"; };
		5895335829D09D3500C679D4 /* Assets.xcassets */ = {isa = PBXFileReference; lastKnownFileType = folder.assetcatalog; path = Assets.xcassets; sourceTree = "<group>"; };
		5895335B29D09D3600C679D4 /* Preview Assets.xcassets */ = {isa = PBXFileReference; lastKnownFileType = folder.assetcatalog; path = "Preview Assets.xcassets"; sourceTree = "<group>"; };
		589B35432ADA5C8E00E83BA3 /* LoginView.swift */ = {isa = PBXFileReference; lastKnownFileType = sourcecode.swift; path = LoginView.swift; sourceTree = "<group>"; };
		589DA3BB29D20FE100B1E1D5 /* abcTextViewModel.swift */ = {isa = PBXFileReference; lastKnownFileType = sourcecode.swift; path = abcTextViewModel.swift; sourceTree = "<group>"; };
		589DA3BF29D214E900B1E1D5 /* abcTextModel.swift */ = {isa = PBXFileReference; lastKnownFileType = sourcecode.swift; path = abcTextModel.swift; sourceTree = "<group>"; };
		CE6555E42B49E128009B4C61 /* LoginViewModel.swift */ = {isa = PBXFileReference; lastKnownFileType = sourcecode.swift; path = LoginViewModel.swift; sourceTree = "<group>"; };
		CE7A22B12B48C4B900B52DE6 /* DataController.swift */ = {isa = PBXFileReference; lastKnownFileType = sourcecode.swift; path = DataController.swift; sourceTree = "<group>"; };
		CE832EFE2B50AB7900ACBF7F /* Model.xcdatamodel */ = {isa = PBXFileReference; lastKnownFileType = wrapper.xcdatamodel; path = Model.xcdatamodel; sourceTree = "<group>"; };
		CEC929D02B3F5ADA00BFC998 /* SignUpView.swift */ = {isa = PBXFileReference; lastKnownFileType = sourcecode.swift; path = SignUpView.swift; sourceTree = "<group>"; };
/* End PBXFileReference section */

/* Begin PBXFrameworksBuildPhase section */
		5895334E29D09D3400C679D4 /* Frameworks */ = {
			isa = PBXFrameworksBuildPhase;
			buildActionMask = 2147483647;
			files = (
				CE148C9C2B39108000538578 /* ActionButton in Frameworks */,
			);
			runOnlyForDeploymentPostprocessing = 0;
		};
/* End PBXFrameworksBuildPhase section */

/* Begin PBXGroup section */
		5895334829D09D3400C679D4 = {
			isa = PBXGroup;
			children = (
				5895335329D09D3400C679D4 /* abcText2Speech */,
				5895335229D09D3400C679D4 /* Products */,
				CEBF149B2CF4331F00FD4620 /* Frameworks */,
			);
			sourceTree = "<group>";
		};
		5895335229D09D3400C679D4 /* Products */ = {
			isa = PBXGroup;
			children = (
				5895335129D09D3400C679D4 /* abcText2Speech.app */,
			);
			name = Products;
			sourceTree = "<group>";
		};
		5895335329D09D3400C679D4 /* abcText2Speech */ = {
			isa = PBXGroup;
			children = (
				5895335429D09D3400C679D4 /* abcText2SpeechApp.swift */,
				5895335629D09D3400C679D4 /* ContentView.swift */,
				589DA3BF29D214E900B1E1D5 /* abcTextModel.swift */,
				589DA3BB29D20FE100B1E1D5 /* abcTextViewModel.swift */,
				589B35432ADA5C8E00E83BA3 /* LoginView.swift */,
				CE6555E42B49E128009B4C61 /* LoginViewModel.swift */,
				CEC929D02B3F5ADA00BFC998 /* SignUpView.swift */,
				CE7A22B12B48C4B900B52DE6 /* DataController.swift */,
				5895335829D09D3500C679D4 /* Assets.xcassets */,
				5895335A29D09D3600C679D4 /* Preview Content */,
				CE832EFD2B50AB7900ACBF7F /* Model.xcdatamodeld */,
			);
			path = abcText2Speech;
			sourceTree = "<group>";
		};
		5895335A29D09D3600C679D4 /* Preview Content */ = {
			isa = PBXGroup;
			children = (
				5895335B29D09D3600C679D4 /* Preview Assets.xcassets */,
			);
			path = "Preview Content";
			sourceTree = "<group>";
		};
		CEBF149B2CF4331F00FD4620 /* Frameworks */ = {
			isa = PBXGroup;
			children = (
			);
			name = Frameworks;
			sourceTree = "<group>";
		};
/* End PBXGroup section */

/* Begin PBXNativeTarget section */
		5895335029D09D3400C679D4 /* abcText2Speech */ = {
			isa = PBXNativeTarget;
			buildConfigurationList = 5895335F29D09D3600C679D4 /* Build configuration list for PBXNativeTarget "abcText2Speech" */;
			buildPhases = (
				5895334D29D09D3400C679D4 /* Sources */,
				5895334E29D09D3400C679D4 /* Frameworks */,
				5895334F29D09D3400C679D4 /* Resources */,
				5895337129D09D5F00C679D4 /* Embed App Extensions */,
			);
			buildRules = (
			);
			dependencies = (
			);
			name = abcText2Speech;
			packageProductDependencies = (
				CE148C9B2B39108000538578 /* ActionButton */,
			);
			productName = abcText2Speech;
			productReference = 5895335129D09D3400C679D4 /* abcText2Speech.app */;
			productType = "com.apple.product-type.application";
		};
/* End PBXNativeTarget section */

/* Begin PBXProject section */
		5895334929D09D3400C679D4 /* Project object */ = {
			isa = PBXProject;
			attributes = {
				BuildIndependentTargetsInParallel = 1;
				LastSwiftUpdateCheck = 1340;
				LastUpgradeCheck = 1340;
				TargetAttributes = {
					5895335029D09D3400C679D4 = {
						CreatedOnToolsVersion = 13.4.1;
					};
				};
			};
			buildConfigurationList = 5895334C29D09D3400C679D4 /* Build configuration list for PBXProject "abcText2Speech" */;
			compatibilityVersion = "Xcode 13.0";
			developmentRegion = en;
			hasScannedForEncodings = 0;
			knownRegions = (
				en,
				Base,
			);
			mainGroup = 5895334829D09D3400C679D4;
			packageReferences = (
				CE148C9A2B39108000538578 /* XCRemoteSwiftPackageReference "action-button" */,
			);
			productRefGroup = 5895335229D09D3400C679D4 /* Products */;
			projectDirPath = "";
			projectRoot = "";
			targets = (
				5895335029D09D3400C679D4 /* abcText2Speech */,
			);
		};
/* End PBXProject section */

/* Begin PBXResourcesBuildPhase section */
		5895334F29D09D3400C679D4 /* Resources */ = {
			isa = PBXResourcesBuildPhase;
			buildActionMask = 2147483647;
			files = (
				5895335C29D09D3600C679D4 /* Preview Assets.xcassets in Resources */,
				5895335929D09D3500C679D4 /* Assets.xcassets in Resources */,
			);
			runOnlyForDeploymentPostprocessing = 0;
		};
/* End PBXResourcesBuildPhase section */

/* Begin PBXSourcesBuildPhase section */
		5895334D29D09D3400C679D4 /* Sources */ = {
			isa = PBXSourcesBuildPhase;
			buildActionMask = 2147483647;
			files = (
				589DA3BC29D20FE100B1E1D5 /* abcTextViewModel.swift in Sources */,
				589DA3C029D214E900B1E1D5 /* abcTextModel.swift in Sources */,
				5895335729D09D3400C679D4 /* ContentView.swift in Sources */,
				589B35442ADA5C8E00E83BA3 /* LoginView.swift in Sources */,
				CE7A22B22B48C4B900B52DE6 /* DataController.swift in Sources */,
				CE832EFF2B50AB7900ACBF7F /* Model.xcdatamodeld in Sources */,
				CEC929D12B3F5ADA00BFC998 /* SignUpView.swift in Sources */,
				5895335529D09D3400C679D4 /* abcText2SpeechApp.swift in Sources */,
				CE6555E52B49E128009B4C61 /* LoginViewModel.swift in Sources */,
			);
			runOnlyForDeploymentPostprocessing = 0;
		};
/* End PBXSourcesBuildPhase section */

/* Begin XCBuildConfiguration section */
		5895335D29D09D3600C679D4 /* Debug */ = {
			isa = XCBuildConfiguration;
			buildSettings = {
				ALWAYS_SEARCH_USER_PATHS = NO;
				CLANG_ANALYZER_NONNULL = YES;
				CLANG_ANALYZER_NUMBER_OBJECT_CONVERSION = YES_AGGRESSIVE;
				CLANG_CXX_LANGUAGE_STANDARD = "gnu++17";
				CLANG_ENABLE_MODULES = YES;
				CLANG_ENABLE_OBJC_ARC = YES;
				CLANG_ENABLE_OBJC_WEAK = YES;
				CLANG_WARN_BLOCK_CAPTURE_AUTORELEASING = YES;
				CLANG_WARN_BOOL_CONVERSION = YES;
				CLANG_WARN_COMMA = YES;
				CLANG_WARN_CONSTANT_CONVERSION = YES;
				CLANG_WARN_DEPRECATED_OBJC_IMPLEMENTATIONS = YES;
				CLANG_WARN_DIRECT_OBJC_ISA_USAGE = YES_ERROR;
				CLANG_WARN_DOCUMENTATION_COMMENTS = YES;
				CLANG_WARN_EMPTY_BODY = YES;
				CLANG_WARN_ENUM_CONVERSION = YES;
				CLANG_WARN_INFINITE_RECURSION = YES;
				CLANG_WARN_INT_CONVERSION = YES;
				CLANG_WARN_NON_LITERAL_NULL_CONVERSION = YES;
				CLANG_WARN_OBJC_IMPLICIT_RETAIN_SELF = YES;
				CLANG_WARN_OBJC_LITERAL_CONVERSION = YES;
				CLANG_WARN_OBJC_ROOT_CLASS = YES_ERROR;
				CLANG_WARN_QUOTED_INCLUDE_IN_FRAMEWORK_HEADER = YES;
				CLANG_WARN_RANGE_LOOP_ANALYSIS = YES;
				CLANG_WARN_STRICT_PROTOTYPES = YES;
				CLANG_WARN_SUSPICIOUS_MOVE = YES;
				CLANG_WARN_UNGUARDED_AVAILABILITY = YES_AGGRESSIVE;
				CLANG_WARN_UNREACHABLE_CODE = YES;
				CLANG_WARN__DUPLICATE_METHOD_MATCH = YES;
				COPY_PHASE_STRIP = NO;
				DEBUG_INFORMATION_FORMAT = dwarf;
				ENABLE_STRICT_OBJC_MSGSEND = YES;
				ENABLE_TESTABILITY = YES;
				GCC_C_LANGUAGE_STANDARD = gnu11;
				GCC_DYNAMIC_NO_PIC = NO;
				GCC_NO_COMMON_BLOCKS = YES;
				GCC_OPTIMIZATION_LEVEL = 0;
				GCC_PREPROCESSOR_DEFINITIONS = (
					"DEBUG=1",
					"$(inherited)",
				);
				GCC_WARN_64_TO_32_BIT_CONVERSION = YES;
				GCC_WARN_ABOUT_RETURN_TYPE = YES_ERROR;
				GCC_WARN_UNDECLARED_SELECTOR = YES;
				GCC_WARN_UNINITIALIZED_AUTOS = YES_AGGRESSIVE;
				GCC_WARN_UNUSED_FUNCTION = YES;
				GCC_WARN_UNUSED_VARIABLE = YES;
				IPHONEOS_DEPLOYMENT_TARGET = 15.5;
				MTL_ENABLE_DEBUG_INFO = INCLUDE_SOURCE;
				MTL_FAST_MATH = YES;
				ONLY_ACTIVE_ARCH = YES;
				SDKROOT = iphoneos;
				SWIFT_ACTIVE_COMPILATION_CONDITIONS = DEBUG;
				SWIFT_OPTIMIZATION_LEVEL = "-Onone";
			};
			name = Debug;
		};
		5895335E29D09D3600C679D4 /* Release */ = {
			isa = XCBuildConfiguration;
			buildSettings = {
				ALWAYS_SEARCH_USER_PATHS = NO;
				CLANG_ANALYZER_NONNULL = YES;
				CLANG_ANALYZER_NUMBER_OBJECT_CONVERSION = YES_AGGRESSIVE;
				CLANG_CXX_LANGUAGE_STANDARD = "gnu++17";
				CLANG_ENABLE_MODULES = YES;
				CLANG_ENABLE_OBJC_ARC = YES;
				CLANG_ENABLE_OBJC_WEAK = YES;
				CLANG_WARN_BLOCK_CAPTURE_AUTORELEASING = YES;
				CLANG_WARN_BOOL_CONVERSION = YES;
				CLANG_WARN_COMMA = YES;
				CLANG_WARN_CONSTANT_CONVERSION = YES;
				CLANG_WARN_DEPRECATED_OBJC_IMPLEMENTATIONS = YES;
				CLANG_WARN_DIRECT_OBJC_ISA_USAGE = YES_ERROR;
				CLANG_WARN_DOCUMENTATION_COMMENTS = YES;
				CLANG_WARN_EMPTY_BODY = YES;
				CLANG_WARN_ENUM_CONVERSION = YES;
				CLANG_WARN_INFINITE_RECURSION = YES;
				CLANG_WARN_INT_CONVERSION = YES;
				CLANG_WARN_NON_LITERAL_NULL_CONVERSION = YES;
				CLANG_WARN_OBJC_IMPLICIT_RETAIN_SELF = YES;
				CLANG_WARN_OBJC_LITERAL_CONVERSION = YES;
				CLANG_WARN_OBJC_ROOT_CLASS = YES_ERROR;
				CLANG_WARN_QUOTED_INCLUDE_IN_FRAMEWORK_HEADER = YES;
				CLANG_WARN_RANGE_LOOP_ANALYSIS = YES;
				CLANG_WARN_STRICT_PROTOTYPES = YES;
				CLANG_WARN_SUSPICIOUS_MOVE = YES;
				CLANG_WARN_UNGUARDED_AVAILABILITY = YES_AGGRESSIVE;
				CLANG_WARN_UNREACHABLE_CODE = YES;
				CLANG_WARN__DUPLICATE_METHOD_MATCH = YES;
				COPY_PHASE_STRIP = NO;
				DEBUG_INFORMATION_FORMAT = "dwarf-with-dsym";
				ENABLE_NS_ASSERTIONS = NO;
				ENABLE_STRICT_OBJC_MSGSEND = YES;
				GCC_C_LANGUAGE_STANDARD = gnu11;
				GCC_NO_COMMON_BLOCKS = YES;
				GCC_WARN_64_TO_32_BIT_CONVERSION = YES;
				GCC_WARN_ABOUT_RETURN_TYPE = YES_ERROR;
				GCC_WARN_UNDECLARED_SELECTOR = YES;
				GCC_WARN_UNINITIALIZED_AUTOS = YES_AGGRESSIVE;
				GCC_WARN_UNUSED_FUNCTION = YES;
				GCC_WARN_UNUSED_VARIABLE = YES;
				IPHONEOS_DEPLOYMENT_TARGET = 15.5;
				MTL_ENABLE_DEBUG_INFO = NO;
				MTL_FAST_MATH = YES;
				SDKROOT = iphoneos;
				SWIFT_COMPILATION_MODE = wholemodule;
				SWIFT_OPTIMIZATION_LEVEL = "-O";
				VALIDATE_PRODUCT = YES;
			};
			name = Release;
		};
		5895336029D09D3600C679D4 /* Debug */ = {
			isa = XCBuildConfiguration;
			buildSettings = {
				ASSETCATALOG_COMPILER_APPICON_NAME = AppIcon;
				ASSETCATALOG_COMPILER_GLOBAL_ACCENT_COLOR_NAME = AccentColor;
				ASSETCATALOG_COMPILER_INCLUDE_ALL_APPICON_ASSETS = NO;
				CODE_SIGN_IDENTITY = "Apple Development";
				CODE_SIGN_STYLE = Automatic;
				CURRENT_PROJECT_VERSION = 1;
				DEVELOPMENT_ASSET_PATHS = "\"abcText2Speech/Preview Content\"";
				DEVELOPMENT_TEAM = WCYT64V9T8;
				ENABLE_PREVIEWS = YES;
				GENERATE_INFOPLIST_FILE = YES;
				INFOPLIST_KEY_UIApplicationSceneManifest_Generation = YES;
				INFOPLIST_KEY_UIApplicationSupportsIndirectInputEvents = YES;
				INFOPLIST_KEY_UILaunchScreen_Generation = YES;
				INFOPLIST_KEY_UIRequiresFullScreen = YES;
				INFOPLIST_KEY_UISupportedInterfaceOrientations = "UIInterfaceOrientationLandscapeLeft UIInterfaceOrientationLandscapeRight UIInterfaceOrientationPortrait UIInterfaceOrientationPortraitUpsideDown";
				IPHONEOS_DEPLOYMENT_TARGET = 15.0;
				LD_RUNPATH_SEARCH_PATHS = (
					"$(inherited)",
					"@executable_path/Frameworks",
				);
				MARKETING_VERSION = 1.1;
				PRODUCT_BUNDLE_IDENTIFIER = jaanvi.abcText2Speech;
				PRODUCT_NAME = "$(TARGET_NAME)";
				PROVISIONING_PROFILE_SPECIFIER = "";
				SWIFT_EMIT_LOC_STRINGS = YES;
				SWIFT_VERSION = 5.0;
				TARGETED_DEVICE_FAMILY = "1,2";
			};
			name = Debug;
		};
		5895336129D09D3600C679D4 /* Release */ = {
			isa = XCBuildConfiguration;
			buildSettings = {
				ASSETCATALOG_COMPILER_APPICON_NAME = AppIcon;
				ASSETCATALOG_COMPILER_GLOBAL_ACCENT_COLOR_NAME = AccentColor;
				ASSETCATALOG_COMPILER_INCLUDE_ALL_APPICON_ASSETS = NO;
				CODE_SIGN_IDENTITY = "Apple Development";
				CODE_SIGN_STYLE = Automatic;
				CURRENT_PROJECT_VERSION = 1;
				DEVELOPMENT_ASSET_PATHS = "\"abcText2Speech/Preview Content\"";
				DEVELOPMENT_TEAM = WCYT64V9T8;
				ENABLE_PREVIEWS = YES;
				GENERATE_INFOPLIST_FILE = YES;
				INFOPLIST_KEY_UIApplicationSceneManifest_Generation = YES;
				INFOPLIST_KEY_UIApplicationSupportsIndirectInputEvents = YES;
				INFOPLIST_KEY_UILaunchScreen_Generation = YES;
				INFOPLIST_KEY_UIRequiresFullScreen = YES;
				INFOPLIST_KEY_UISupportedInterfaceOrientations = "UIInterfaceOrientationLandscapeLeft UIInterfaceOrientationLandscapeRight UIInterfaceOrientationPortrait UIInterfaceOrientationPortraitUpsideDown";
				IPHONEOS_DEPLOYMENT_TARGET = 15.0;
				LD_RUNPATH_SEARCH_PATHS = (
					"$(inherited)",
					"@executable_path/Frameworks",
				);
				MARKETING_VERSION = 1.1;
				ONLY_ACTIVE_ARCH = YES;
				PRODUCT_BUNDLE_IDENTIFIER = jaanvi.abcText2Speech;
				PRODUCT_NAME = "$(TARGET_NAME)";
				PROVISIONING_PROFILE_SPECIFIER = "";
				SWIFT_EMIT_LOC_STRINGS = YES;
				SWIFT_VERSION = 5.0;
				TARGETED_DEVICE_FAMILY = "1,2";
			};
			name = Release;
		};
/* End XCBuildConfiguration section */

/* Begin XCConfigurationList section */
		5895334C29D09D3400C679D4 /* Build configuration list for PBXProject "abcText2Speech" */ = {
			isa = XCConfigurationList;
			buildConfigurations = (
				5895335D29D09D3600C679D4 /* Debug */,
				5895335E29D09D3600C679D4 /* Release */,
			);
			defaultConfigurationIsVisible = 0;
			defaultConfigurationName = Release;
		};
		5895335F29D09D3600C679D4 /* Build configuration list for PBXNativeTarget "abcText2Speech" */ = {
			isa = XCConfigurationList;
			buildConfigurations = (
				5895336029D09D3600C679D4 /* Debug */,
				5895336129D09D3600C679D4 /* Release */,
			);
			defaultConfigurationIsVisible = 0;
			defaultConfigurationName = Release;
		};
/* End XCConfigurationList section */

/* Begin XCRemoteSwiftPackageReference section */
		CE148C9A2B39108000538578 /* XCRemoteSwiftPackageReference "action-button" */ = {
			isa = XCRemoteSwiftPackageReference;
			repositoryURL = "https://github.com/swiftui-library/action-button.git";
			requirement = {
				branch = main;
				kind = branch;
			};
		};
/* End XCRemoteSwiftPackageReference section */

/* Begin XCSwiftPackageProductDependency section */
		CE148C9B2B39108000538578 /* ActionButton */ = {
			isa = XCSwiftPackageProductDependency;
			package = CE148C9A2B39108000538578 /* XCRemoteSwiftPackageReference "action-button" */;
			productName = ActionButton;
		};
/* End XCSwiftPackageProductDependency section */

/* Begin XCVersionGroup section */
		CE832EFD2B50AB7900ACBF7F /* Model.xcdatamodeld */ = {
			isa = XCVersionGroup;
			children = (
				CE832EFE2B50AB7900ACBF7F /* Model.xcdatamodel */,
			);
			currentVersion = CE832EFE2B50AB7900ACBF7F /* Model.xcdatamodel */;
			path = Model.xcdatamodeld;
			sourceTree = "<group>";
			versionGroupType = wrapper.xcdatamodel;
		};
/* End XCVersionGroup section */
	};
	rootObject = 5895334929D09D3400C679D4 /* Project object */;
}
