{
  "pins" : [
    {
      "identity" : "action-button",
      "kind" : "remoteSourceControl",
      "location" : "https://github.com/swiftui-library/action-button.git",
      "state" : {
        "branch" : "main",
        "revision" : "5c5d92a98ca86bf3c0d7bfe43385e44ffea1d554"
      }
    }
  ],
  "version" : 2
}
